
Microsoft Visual Studio Solution File, Format Version 12.00
# Visual Studio Version 17
VisualStudioVersion = 17.4.33213.308
MinimumVisualStudioVersion = 10.0.40219.1
Project("{FAE04EC0-301F-11D3-BF4B-00C04F79EFBC}") = "SurrealCrud", "SurrealCrud.csproj", "{39CD1429-92C2-4CBC-A5CE-5F0CEDC991D0}"
EndProject
Global
	GlobalSection(SolutionConfigurationPlatforms) = preSolution
		Debug|Any CPU = Debug|Any CPU
		Release|Any CPU = Release|Any CPU
	EndGlobalSection
	GlobalSection(ProjectConfigurationPlatforms) = postSolution
		{39CD1429-92C2-4CBC-A5CE-5F0CEDC991D0}.Debug|Any CPU.ActiveCfg = Debug|Any CPU
		{39CD1429-92C2-4CBC-A5CE-5F0CEDC991D0}.Debug|Any CPU.Build.0 = Debug|Any CPU
		{39CD1429-92C2-4CBC-A5CE-5F0CEDC991D0}.Release|Any CPU.ActiveCfg = Release|Any CPU
		{39CD1429-92C2-4CBC-A5CE-5F0CEDC991D0}.Release|Any CPU.Build.0 = Release|Any CPU
	EndGlobalSection
	GlobalSection(SolutionProperties) = preSolution
		HideSolutionNode = FALSE
	EndGlobalSection
	GlobalSection(ExtensibilityGlobals) = postSolution
		SolutionGuid = {005BD707-CA55-472D-9589-EF0F2882CEC0}
	EndGlobalSection
EndGlobal
